
Microsoft Visual Studio Solution File, Format Version 12.00
# Visual Studio 15
Project("{FAE04EC0-301F-11D3-BF4B-00C04F79EFBC}") = "Life", "Life.csproj", "{0A2BD14E-85BE-4EBC-8382-3D9D8D20EED7}"
EndProject
Global
	GlobalSection(SolutionConfigurationPlatforms) = preSolution
		Debug|Any CPU = Debug|Any CPU
		Release|Any CPU = Release|Any CPU
	EndGlobalSection
	GlobalSection(ProjectConfigurationPlatforms) = postSolution
		{0A2BD14E-85BE-4EBC-8382-3D9D8D20EED7}.Debug|Any CPU.ActiveCfg = Debug|Any CPU
		{0A2BD14E-85BE-4EBC-8382-3D9D8D20EED7}.Debug|Any CPU.Build.0 = Debug|Any CPU
		{0A2BD14E-85BE-4EBC-8382-3D9D8D20EED7}.Release|Any CPU.ActiveCfg = Release|Any CPU
		{0A2BD14E-85BE-4EBC-8382-3D9D8D20EED7}.Release|Any CPU.Build.0 = Release|Any CPU
	EndGlobalSection
EndGlobal
